
Microsoft Visual Studio Solution File, Format Version 12.00
# Visual Studio 15
VisualStudioVersion = 15.0.27130.2036
MinimumVisualStudioVersion = 10.0.40219.1
Project("{FAE04EC0-301F-11D3-BF4B-00C04F79EFBC}") = "RoadMap", "RoadMap\RoadMap.csproj", "{6AC7DA2B-B12F-46DA-8EB6-36831F2A0370}"
EndProject
Global
	GlobalSection(SolutionConfigurationPlatforms) = preSolution
		Debug|Any CPU = Debug|Any CPU
		Release|Any CPU = Release|Any CPU
	EndGlobalSection
	GlobalSection(ProjectConfigurationPlatforms) = postSolution
		{6AC7DA2B-B12F-46DA-8EB6-36831F2A0370}.Debug|Any CPU.ActiveCfg = Debug|Any CPU
		{6AC7DA2B-B12F-46DA-8EB6-36831F2A0370}.Debug|Any CPU.Build.0 = Debug|Any CPU
		{6AC7DA2B-B12F-46DA-8EB6-36831F2A0370}.Release|Any CPU.ActiveCfg = Release|Any CPU
		{6AC7DA2B-B12F-46DA-8EB6-36831F2A0370}.Release|Any CPU.Build.0 = Release|Any CPU
	EndGlobalSection
	GlobalSection(SolutionProperties) = preSolution
		HideSolutionNode = FALSE
	EndGlobalSection
	GlobalSection(ExtensibilityGlobals) = postSolution
		SolutionGuid = {AA9D7DE1-FE53-440C-BAC9-84574CC2F87E}
	EndGlobalSection
EndGlobal
